
Microsoft Visual Studio Solution File, Format Version 12.00
# Visual Studio Version 17
VisualStudioVersion = 17.5.33424.131
MinimumVisualStudioVersion = 10.0.40219.1
Project("{9A19103F-16F7-4668-BE54-9A1E7A4F7556}") = "BookingWepApp", "BookingWepApp\BookingWepApp.csproj", "{75558B3F-7D54-4FCC-8C87-4F87FCEC1256}"
EndProject
Project("{FAE04EC0-301F-11D3-BF4B-00C04F79EFBC}") = "TestProject", "TestProject\TestProject.csproj", "{9F769FFE-681F-44CC-93CD-A19C905994DE}"
EndProject
Global
	GlobalSection(SolutionConfigurationPlatforms) = preSolution
		Debug|Any CPU = Debug|Any CPU
		Release|Any CPU = Release|Any CPU
	EndGlobalSection
	GlobalSection(ProjectConfigurationPlatforms) = postSolution
		{75558B3F-7D54-4FCC-8C87-4F87FCEC1256}.Debug|Any CPU.ActiveCfg = Debug|Any CPU
		{75558B3F-7D54-4FCC-8C87-4F87FCEC1256}.Debug|Any CPU.Build.0 = Debug|Any CPU
		{75558B3F-7D54-4FCC-8C87-4F87FCEC1256}.Release|Any CPU.ActiveCfg = Release|Any CPU
		{75558B3F-7D54-4FCC-8C87-4F87FCEC1256}.Release|Any CPU.Build.0 = Release|Any CPU
		{9F769FFE-681F-44CC-93CD-A19C905994DE}.Debug|Any CPU.ActiveCfg = Debug|Any CPU
		{9F769FFE-681F-44CC-93CD-A19C905994DE}.Debug|Any CPU.Build.0 = Debug|Any CPU
		{9F769FFE-681F-44CC-93CD-A19C905994DE}.Release|Any CPU.ActiveCfg = Release|Any CPU
		{9F769FFE-681F-44CC-93CD-A19C905994DE}.Release|Any CPU.Build.0 = Release|Any CPU
	EndGlobalSection
	GlobalSection(SolutionProperties) = preSolution
		HideSolutionNode = FALSE
	EndGlobalSection
	GlobalSection(ExtensibilityGlobals) = postSolution
		SolutionGuid = {CD6EA6AB-9F32-4C66-9C31-90088088F4E6}
	EndGlobalSection
EndGlobal
